// !$*UTF8*$!
{
	archiveVersion = 1;
	classes = {
	};
	objectVersion = 46;
	objects = {

/* Begin PBXBuildFile section */
		3817401318EF68FE003CC0C6 /* SettingsTableViewController.m in Sources */ = {isa = PBXBuildFile; fileRef = 3817401218EF68FE003CC0C6 /* SettingsTableViewController.m */; };
		3817401618EF6B11003CC0C6 /* TesseractSettingsModel.m in Sources */ = {isa = PBXBuildFile; fileRef = 3817401518EF6B11003CC0C6 /* TesseractSettingsModel.m */; };
		3817401A18EF7613003CC0C6 /* DetailSettingsViewController.m in Sources */ = {isa = PBXBuildFile; fileRef = 3817401918EF7613003CC0C6 /* DetailSettingsViewController.m */; };
		3817401D18EF8540003CC0C6 /* FAQTableViewController.m in Sources */ = {isa = PBXBuildFile; fileRef = 3817401C18EF8540003CC0C6 /* FAQTableViewController.m */; };
		3817402118EF8C73003CC0C6 /* MessageUI.framework in Frameworks */ = {isa = PBXBuildFile; fileRef = 3817402018EF8C73003CC0C6 /* MessageUI.framework */; };
		3825DFF818FF75EC001BF7A1 /* CustomCameraView.m in Sources */ = {isa = PBXBuildFile; fileRef = 3825DFF718FF75EC001BF7A1 /* CustomCameraView.m */; };
		38361DFE18EA307800E41D33 /* CameraViewController.m in Sources */ = {isa = PBXBuildFile; fileRef = 38361DFD18EA307800E41D33 /* CameraViewController.m */; };
		383DE2F318F366D4000A7E32 /* ContactsViewController.m in Sources */ = {isa = PBXBuildFile; fileRef = 383DE2F218F366D4000A7E32 /* ContactsViewController.m */; };
		384701B018F1030E00714CC3 /* GeneralContours.mm in Sources */ = {isa = PBXBuildFile; fileRef = 384701AF18F1030E00714CC3 /* GeneralContours.mm */; };
		386299A1190657280080F6D2 /* CustomImagePickerController.m in Sources */ = {isa = PBXBuildFile; fileRef = 386299A0190657280080F6D2 /* CustomImagePickerController.m */; };
		38632DAB1901AC7200940430 /* ALAssetsLibrary+CustomPhotoAlbum.m in Sources */ = {isa = PBXBuildFile; fileRef = 38632DAA1901AC7200940430 /* ALAssetsLibrary+CustomPhotoAlbum.m */; };
		38632DAD1901AE9800940430 /* AssetsLibrary.framework in Frameworks */ = {isa = PBXBuildFile; fileRef = 38632DAC1901AE9800940430 /* AssetsLibrary.framework */; };
		38632DB01901BBD400940430 /* PhotoCell.m in Sources */ = {isa = PBXBuildFile; fileRef = 38632DAF1901BBD400940430 /* PhotoCell.m */; };
		387701EA18E3C3590035CE60 /* Foundation.framework in Frameworks */ = {isa = PBXBuildFile; fileRef = 387701E918E3C3590035CE60 /* Foundation.framework */; };
		387701EC18E3C3590035CE60 /* CoreGraphics.framework in Frameworks */ = {isa = PBXBuildFile; fileRef = 387701EB18E3C3590035CE60 /* CoreGraphics.framework */; };
		387701EE18E3C3590035CE60 /* UIKit.framework in Frameworks */ = {isa = PBXBuildFile; fileRef = 387701ED18E3C3590035CE60 /* UIKit.framework */; };
		387701F418E3C3590035CE60 /* InfoPlist.strings in Resources */ = {isa = PBXBuildFile; fileRef = 387701F218E3C3590035CE60 /* InfoPlist.strings */; };
		387701F618E3C3590035CE60 /* main.m in Sources */ = {isa = PBXBuildFile; fileRef = 387701F518E3C3590035CE60 /* main.m */; };
		387701FA18E3C3590035CE60 /* AppDelegate.m in Sources */ = {isa = PBXBuildFile; fileRef = 387701F918E3C3590035CE60 /* AppDelegate.m */; };
		387701FD18E3C3590035CE60 /* Main.storyboard in Resources */ = {isa = PBXBuildFile; fileRef = 387701FB18E3C3590035CE60 /* Main.storyboard */; };
		3877020018E3C3590035CE60 /* ViewController.m in Sources */ = {isa = PBXBuildFile; fileRef = 387701FF18E3C3590035CE60 /* ViewController.m */; };
		3877020218E3C3590035CE60 /* Images.xcassets in Resources */ = {isa = PBXBuildFile; fileRef = 3877020118E3C3590035CE60 /* Images.xcassets */; };
		3877020918E3C3590035CE60 /* XCTest.framework in Frameworks */ = {isa = PBXBuildFile; fileRef = 3877020818E3C3590035CE60 /* XCTest.framework */; };
		3877020A18E3C3590035CE60 /* Foundation.framework in Frameworks */ = {isa = PBXBuildFile; fileRef = 387701E918E3C3590035CE60 /* Foundation.framework */; };
		3877020B18E3C3590035CE60 /* UIKit.framework in Frameworks */ = {isa = PBXBuildFile; fileRef = 387701ED18E3C3590035CE60 /* UIKit.framework */; };
		3877021318E3C3590035CE60 /* InfoPlist.strings in Resources */ = {isa = PBXBuildFile; fileRef = 3877021118E3C3590035CE60 /* InfoPlist.strings */; };
		3877021518E3C3590035CE60 /* TesseractTests.m in Sources */ = {isa = PBXBuildFile; fileRef = 3877021418E3C3590035CE60 /* TesseractTests.m */; };
		3877022118E3C3A30035CE60 /* libstdc++.6.0.9.dylib in Frameworks */ = {isa = PBXBuildFile; fileRef = 3877022018E3C3A30035CE60 /* libstdc++.6.0.9.dylib */; };
		3877023718E3C68C0035CE60 /* tessdata in Resources */ = {isa = PBXBuildFile; fileRef = 3877023618E3C68C0035CE60 /* tessdata */; };
		38795B9418EFB2B0009835E2 /* ImageProcessingImplementation.mm in Sources */ = {isa = PBXBuildFile; fileRef = 38795B9318EFB2B0009835E2 /* ImageProcessingImplementation.mm */; };
		38795B9A18EFB448009835E2 /* UIImage+OpenCV.mm in Sources */ = {isa = PBXBuildFile; fileRef = 38795B9918EFB448009835E2 /* UIImage+OpenCV.mm */; };
		38795B9C18EFB696009835E2 /* ImageProcessor.cpp in Sources */ = {isa = PBXBuildFile; fileRef = 38795B9B18EFB696009835E2 /* ImageProcessor.cpp */; };
		38839CF818E3D474000FF0C6 /* gallery.png in Resources */ = {isa = PBXBuildFile; fileRef = 38839CF718E3D474000FF0C6 /* gallery.png */; };
		38839CFA18E3D57D000FF0C6 /* settings.png in Resources */ = {isa = PBXBuildFile; fileRef = 38839CF918E3D57D000FF0C6 /* settings.png */; };
		38B3BEE418EFC8F4000C7D4D /* opencv2.framework in Frameworks */ = {isa = PBXBuildFile; fileRef = 38B3BEE318EFC8F4000C7D4D /* opencv2.framework */; };
		38B93AB61901DEC900DCFED7 /* grey man cropped.png in Resources */ = {isa = PBXBuildFile; fileRef = 38B93AB51901DEC900DCFED7 /* grey man cropped.png */; };
		38EE6667190A669700CB5FC3 /* faq.rtf in Resources */ = {isa = PBXBuildFile; fileRef = 38EE6666190A669700CB5FC3 /* faq.rtf */; };
		38EE6669190A6A1D00CB5FC3 /* license.rtf in Resources */ = {isa = PBXBuildFile; fileRef = 38EE6668190A6A1D00CB5FC3 /* license.rtf */; };
		38F3E1F518EFE69B005760F6 /* TesseractOCR.framework in Frameworks */ = {isa = PBXBuildFile; fileRef = 38F3E1F418EFE69B005760F6 /* TesseractOCR.framework */; };
/* End PBXBuildFile section */

/* Begin PBXContainerItemProxy section */
		3877020C18E3C3590035CE60 /* PBXContainerItemProxy */ = {
			isa = PBXContainerItemProxy;
			containerPortal = 387701DE18E3C3590035CE60 /* Project object */;
			proxyType = 1;
			remoteGlobalIDString = 387701E518E3C3590035CE60;
			remoteInfo = "Tesseract BizScanner";
		};
/* End PBXContainerItemProxy section */

/* Begin PBXFileReference section */
		3817401118EF68FE003CC0C6 /* SettingsTableViewController.h */ = {isa = PBXFileReference; fileEncoding = 4; lastKnownFileType = sourcecode.c.h; path = SettingsTableViewController.h; sourceTree = "<group>"; };
		3817401218EF68FE003CC0C6 /* SettingsTableViewController.m */ = {isa = PBXFileReference; fileEncoding = 4; lastKnownFileType = sourcecode.c.objc; path = SettingsTableViewController.m; sourceTree = "<group>"; };
		3817401418EF6B11003CC0C6 /* TesseractSettingsModel.h */ = {isa = PBXFileReference; fileEncoding = 4; lastKnownFileType = sourcecode.c.h; path = TesseractSettingsModel.h; sourceTree = "<group>"; };
		3817401518EF6B11003CC0C6 /* TesseractSettingsModel.m */ = {isa = PBXFileReference; fileEncoding = 4; lastKnownFileType = sourcecode.c.objc; path = TesseractSettingsModel.m; sourceTree = "<group>"; };
		3817401818EF7613003CC0C6 /* DetailSettingsViewController.h */ = {isa = PBXFileReference; fileEncoding = 4; lastKnownFileType = sourcecode.c.h; path = DetailSettingsViewController.h; sourceTree = "<group>"; };
		3817401918EF7613003CC0C6 /* DetailSettingsViewController.m */ = {isa = PBXFileReference; fileEncoding = 4; lastKnownFileType = sourcecode.c.objc; path = DetailSettingsViewController.m; sourceTree = "<group>"; };
		3817401B18EF8540003CC0C6 /* FAQTableViewController.h */ = {isa = PBXFileReference; fileEncoding = 4; lastKnownFileType = sourcecode.c.h; path = FAQTableViewController.h; sourceTree = "<group>"; };
		3817401C18EF8540003CC0C6 /* FAQTableViewController.m */ = {isa = PBXFileReference; fileEncoding = 4; lastKnownFileType = sourcecode.c.objc; path = FAQTableViewController.m; sourceTree = "<group>"; };
		3817402018EF8C73003CC0C6 /* MessageUI.framework */ = {isa = PBXFileReference; lastKnownFileType = wrapper.framework; name = MessageUI.framework; path = System/Library/Frameworks/MessageUI.framework; sourceTree = SDKROOT; };
		3825DFF618FF75EC001BF7A1 /* CustomCameraView.h */ = {isa = PBXFileReference; fileEncoding = 4; lastKnownFileType = sourcecode.c.h; path = CustomCameraView.h; sourceTree = "<group>"; };
		3825DFF718FF75EC001BF7A1 /* CustomCameraView.m */ = {isa = PBXFileReference; fileEncoding = 4; lastKnownFileType = sourcecode.c.objc; path = CustomCameraView.m; sourceTree = "<group>"; };
		38361DFC18EA307800E41D33 /* CameraViewController.h */ = {isa = PBXFileReference; fileEncoding = 4; lastKnownFileType = sourcecode.c.h; path = CameraViewController.h; sourceTree = "<group>"; };
		38361DFD18EA307800E41D33 /* CameraViewController.m */ = {isa = PBXFileReference; fileEncoding = 4; lastKnownFileType = sourcecode.c.objc; path = CameraViewController.m; sourceTree = "<group>"; };
		383DE2F118F366D4000A7E32 /* ContactsViewController.h */ = {isa = PBXFileReference; fileEncoding = 4; lastKnownFileType = sourcecode.c.h; path = ContactsViewController.h; sourceTree = "<group>"; };
		383DE2F218F366D4000A7E32 /* ContactsViewController.m */ = {isa = PBXFileReference; fileEncoding = 4; lastKnownFileType = sourcecode.c.objc; path = ContactsViewController.m; sourceTree = "<group>"; };
		384701AE18F102C000714CC3 /* GeneralContours.h */ = {isa = PBXFileReference; fileEncoding = 4; lastKnownFileType = sourcecode.c.h; path = GeneralContours.h; sourceTree = "<group>"; };
		384701AF18F1030E00714CC3 /* GeneralContours.mm */ = {isa = PBXFileReference; fileEncoding = 4; lastKnownFileType = sourcecode.cpp.objcpp; path = GeneralContours.mm; sourceTree = "<group>"; };
		3862999F190657280080F6D2 /* CustomImagePickerController.h */ = {isa = PBXFileReference; fileEncoding = 4; lastKnownFileType = sourcecode.c.h; path = CustomImagePickerController.h; sourceTree = "<group>"; };
		386299A0190657280080F6D2 /* CustomImagePickerController.m */ = {isa = PBXFileReference; fileEncoding = 4; lastKnownFileType = sourcecode.c.objc; path = CustomImagePickerController.m; sourceTree = "<group>"; };
		38632DA91901AC7200940430 /* ALAssetsLibrary+CustomPhotoAlbum.h */ = {isa = PBXFileReference; fileEncoding = 4; lastKnownFileType = sourcecode.c.h; path = "ALAssetsLibrary+CustomPhotoAlbum.h"; sourceTree = "<group>"; };
		38632DAA1901AC7200940430 /* ALAssetsLibrary+CustomPhotoAlbum.m */ = {isa = PBXFileReference; fileEncoding = 4; lastKnownFileType = sourcecode.c.objc; path = "ALAssetsLibrary+CustomPhotoAlbum.m"; sourceTree = "<group>"; };
		38632DAC1901AE9800940430 /* AssetsLibrary.framework */ = {isa = PBXFileReference; lastKnownFileType = wrapper.framework; name = AssetsLibrary.framework; path = System/Library/Frameworks/AssetsLibrary.framework; sourceTree = SDKROOT; };
		38632DAE1901BBD400940430 /* PhotoCell.h */ = {isa = PBXFileReference; fileEncoding = 4; lastKnownFileType = sourcecode.c.h; path = PhotoCell.h; sourceTree = "<group>"; };
		38632DAF1901BBD400940430 /* PhotoCell.m */ = {isa = PBXFileReference; fileEncoding = 4; lastKnownFileType = sourcecode.c.objc; path = PhotoCell.m; sourceTree = "<group>"; };
		387701E618E3C3590035CE60 /* Tesseract.app */ = {isa = PBXFileReference; explicitFileType = wrapper.application; includeInIndex = 0; path = Tesseract.app; sourceTree = BUILT_PRODUCTS_DIR; };
		387701E918E3C3590035CE60 /* Foundation.framework */ = {isa = PBXFileReference; lastKnownFileType = wrapper.framework; name = Foundation.framework; path = System/Library/Frameworks/Foundation.framework; sourceTree = SDKROOT; };
		387701EB18E3C3590035CE60 /* CoreGraphics.framework */ = {isa = PBXFileReference; lastKnownFileType = wrapper.framework; name = CoreGraphics.framework; path = System/Library/Frameworks/CoreGraphics.framework; sourceTree = SDKROOT; };
		387701ED18E3C3590035CE60 /* UIKit.framework */ = {isa = PBXFileReference; lastKnownFileType = wrapper.framework; name = UIKit.framework; path = System/Library/Frameworks/UIKit.framework; sourceTree = SDKROOT; };
		387701F118E3C3590035CE60 /* Tesseract-Info.plist */ = {isa = PBXFileReference; lastKnownFileType = text.plist.xml; path = "Tesseract-Info.plist"; sourceTree = "<group>"; };
		387701F318E3C3590035CE60 /* en */ = {isa = PBXFileReference; lastKnownFileType = text.plist.strings; name = en; path = en.lproj/InfoPlist.strings; sourceTree = "<group>"; };
		387701F518E3C3590035CE60 /* main.m */ = {isa = PBXFileReference; lastKnownFileType = sourcecode.c.objc; path = main.m; sourceTree = "<group>"; };
		387701F718E3C3590035CE60 /* Tesseract-Prefix.pch */ = {isa = PBXFileReference; lastKnownFileType = sourcecode.c.h; path = "Tesseract-Prefix.pch"; sourceTree = "<group>"; };
		387701F818E3C3590035CE60 /* AppDelegate.h */ = {isa = PBXFileReference; lastKnownFileType = sourcecode.c.h; path = AppDelegate.h; sourceTree = "<group>"; };
		387701F918E3C3590035CE60 /* AppDelegate.m */ = {isa = PBXFileReference; lastKnownFileType = sourcecode.c.objc; path = AppDelegate.m; sourceTree = "<group>"; };
		387701FC18E3C3590035CE60 /* Base */ = {isa = PBXFileReference; lastKnownFileType = file.storyboard; name = Base; path = Base.lproj/Main.storyboard; sourceTree = "<group>"; };
		387701FE18E3C3590035CE60 /* ViewController.h */ = {isa = PBXFileReference; lastKnownFileType = sourcecode.c.h; path = ViewController.h; sourceTree = "<group>"; };
		387701FF18E3C3590035CE60 /* ViewController.m */ = {isa = PBXFileReference; lastKnownFileType = sourcecode.c.objc; path = ViewController.m; sourceTree = "<group>"; };
		3877020118E3C3590035CE60 /* Images.xcassets */ = {isa = PBXFileReference; lastKnownFileType = folder.assetcatalog; path = Images.xcassets; sourceTree = "<group>"; };
		3877020718E3C3590035CE60 /* TesseractTests.xctest */ = {isa = PBXFileReference; explicitFileType = wrapper.cfbundle; includeInIndex = 0; path = TesseractTests.xctest; sourceTree = BUILT_PRODUCTS_DIR; };
		3877020818E3C3590035CE60 /* XCTest.framework */ = {isa = PBXFileReference; lastKnownFileType = wrapper.framework; name = XCTest.framework; path = Library/Frameworks/XCTest.framework; sourceTree = DEVELOPER_DIR; };
		3877021018E3C3590035CE60 /* TesseractTests-Info.plist */ = {isa = PBXFileReference; lastKnownFileType = text.plist.xml; path = "TesseractTests-Info.plist"; sourceTree = "<group>"; };
		3877021218E3C3590035CE60 /* en */ = {isa = PBXFileReference; lastKnownFileType = text.plist.strings; name = en; path = en.lproj/InfoPlist.strings; sourceTree = "<group>"; };
		3877021418E3C3590035CE60 /* TesseractTests.m */ = {isa = PBXFileReference; lastKnownFileType = sourcecode.c.objc; path = TesseractTests.m; sourceTree = "<group>"; };
		3877022018E3C3A30035CE60 /* libstdc++.6.0.9.dylib */ = {isa = PBXFileReference; lastKnownFileType = "compiled.mach-o.dylib"; name = "libstdc++.6.0.9.dylib"; path = "usr/lib/libstdc++.6.0.9.dylib"; sourceTree = SDKROOT; };
		3877023618E3C68C0035CE60 /* tessdata */ = {isa = PBXFileReference; lastKnownFileType = folder; path = tessdata; sourceTree = "<group>"; };
		38795B7018EFA2C6009835E2 /* libz.dylib */ = {isa = PBXFileReference; lastKnownFileType = "compiled.mach-o.dylib"; name = libz.dylib; path = usr/lib/libz.dylib; sourceTree = SDKROOT; };
		38795B9118EFB19E009835E2 /* ImageProcessingProtocol.h */ = {isa = PBXFileReference; lastKnownFileType = sourcecode.c.h; path = ImageProcessingProtocol.h; sourceTree = "<group>"; };
		38795B9218EFB2B0009835E2 /* ImageProcessingImplementation.h */ = {isa = PBXFileReference; fileEncoding = 4; lastKnownFileType = sourcecode.c.h; path = ImageProcessingImplementation.h; sourceTree = "<group>"; };
		38795B9318EFB2B0009835E2 /* ImageProcessingImplementation.mm */ = {isa = PBXFileReference; fileEncoding = 4; lastKnownFileType = sourcecode.cpp.objcpp; path = ImageProcessingImplementation.mm; sourceTree = "<group>"; };
		38795B9518EFB32A009835E2 /* ImageProcessor.h */ = {isa = PBXFileReference; fileEncoding = 4; lastKnownFileType = sourcecode.c.h; path = ImageProcessor.h; sourceTree = "<group>"; };
		38795B9818EFB448009835E2 /* UIImage+OpenCV.h */ = {isa = PBXFileReference; fileEncoding = 4; lastKnownFileType = sourcecode.c.h; path = "UIImage+OpenCV.h"; sourceTree = "<group>"; };
		38795B9918EFB448009835E2 /* UIImage+OpenCV.mm */ = {isa = PBXFileReference; fileEncoding = 4; lastKnownFileType = sourcecode.cpp.objcpp; path = "UIImage+OpenCV.mm"; sourceTree = "<group>"; };
		38795B9B18EFB696009835E2 /* ImageProcessor.cpp */ = {isa = PBXFileReference; fileEncoding = 4; lastKnownFileType = sourcecode.cpp.cpp; path = ImageProcessor.cpp; sourceTree = "<group>"; };
		38839CF718E3D474000FF0C6 /* gallery.png */ = {isa = PBXFileReference; lastKnownFileType = image.png; path = gallery.png; sourceTree = "<group>"; };
		38839CF918E3D57D000FF0C6 /* settings.png */ = {isa = PBXFileReference; lastKnownFileType = image.png; path = settings.png; sourceTree = "<group>"; };
		38B3BEE318EFC8F4000C7D4D /* opencv2.framework */ = {isa = PBXFileReference; lastKnownFileType = wrapper.framework; path = opencv2.framework; sourceTree = "<group>"; };
		38B93AB51901DEC900DCFED7 /* grey man cropped.png */ = {isa = PBXFileReference; lastKnownFileType = image.png; path = "grey man cropped.png"; sourceTree = "<group>"; };
		38EE6666190A669700CB5FC3 /* faq.rtf */ = {isa = PBXFileReference; fileEncoding = 4; lastKnownFileType = text.rtf; path = faq.rtf; sourceTree = "<group>"; };
		38EE6668190A6A1D00CB5FC3 /* license.rtf */ = {isa = PBXFileReference; fileEncoding = 4; lastKnownFileType = text.rtf; path = license.rtf; sourceTree = "<group>"; };
		38F3E16418EFE5A4005760F6 /* allheaders.h */ = {isa = PBXFileReference; fileEncoding = 4; lastKnownFileType = sourcecode.c.h; path = allheaders.h; sourceTree = "<group>"; };
		38F3E16518EFE5A4005760F6 /* alltypes.h */ = {isa = PBXFileReference; fileEncoding = 4; lastKnownFileType = sourcecode.c.h; path = alltypes.h; sourceTree = "<group>"; };
		38F3E16618EFE5A4005760F6 /* array.h */ = {isa = PBXFileReference; fileEncoding = 4; lastKnownFileType = sourcecode.c.h; path = array.h; sourceTree = "<group>"; };
		38F3E16718EFE5A4005760F6 /* arrayaccess.h */ = {isa = PBXFileReference; fileEncoding = 4; lastKnownFileType = sourcecode.c.h; path = arrayaccess.h; sourceTree = "<group>"; };
		38F3E16818EFE5A4005760F6 /* bbuffer.h */ = {isa = PBXFileReference; fileEncoding = 4; lastKnownFileType = sourcecode.c.h; path = bbuffer.h; sourceTree = "<group>"; };
		38F3E16918EFE5A4005760F6 /* bmf.h */ = {isa = PBXFileReference; fileEncoding = 4; lastKnownFileType = sourcecode.c.h; path = bmf.h; sourceTree = "<group>"; };
		38F3E16A18EFE5A4005760F6 /* bmp.h */ = {isa = PBXFileReference; fileEncoding = 4; lastKnownFileType = sourcecode.c.h; path = bmp.h; sourceTree = "<group>"; };
		38F3E16B18EFE5A4005760F6 /* ccbord.h */ = {isa = PBXFileReference; fileEncoding = 4; lastKnownFileType = sourcecode.c.h; path = ccbord.h; sourceTree = "<group>"; };
		38F3E16C18EFE5A4005760F6 /* dewarp.h */ = {isa = PBXFileReference; fileEncoding = 4; lastKnownFileType = sourcecode.c.h; path = dewarp.h; sourceTree = "<group>"; };
		38F3E16D18EFE5A4005760F6 /* endianness.h */ = {isa = PBXFileReference; fileEncoding = 4; lastKnownFileType = sourcecode.c.h; path = endianness.h; sourceTree = "<group>"; };
		38F3E16E18EFE5A4005760F6 /* environ.h */ = {isa = PBXFileReference; fileEncoding = 4; lastKnownFileType = sourcecode.c.h; path = environ.h; sourceTree = "<group>"; };
		38F3E16F18EFE5A4005760F6 /* freetype.h */ = {isa = PBXFileReference; fileEncoding = 4; lastKnownFileType = sourcecode.c.h; path = freetype.h; sourceTree = "<group>"; };
		38F3E17018EFE5A4005760F6 /* gplot.h */ = {isa = PBXFileReference; fileEncoding = 4; lastKnownFileType = sourcecode.c.h; path = gplot.h; sourceTree = "<group>"; };
		38F3E17118EFE5A4005760F6 /* heap.h */ = {isa = PBXFileReference; fileEncoding = 4; lastKnownFileType = sourcecode.c.h; path = heap.h; sourceTree = "<group>"; };
		38F3E17218EFE5A4005760F6 /* imageio.h */ = {isa = PBXFileReference; fileEncoding = 4; lastKnownFileType = sourcecode.c.h; path = imageio.h; sourceTree = "<group>"; };
		38F3E17318EFE5A4005760F6 /* jbclass.h */ = {isa = PBXFileReference; fileEncoding = 4; lastKnownFileType = sourcecode.c.h; path = jbclass.h; sourceTree = "<group>"; };
		38F3E17418EFE5A4005760F6 /* leptwin.h */ = {isa = PBXFileReference; fileEncoding = 4; lastKnownFileType = sourcecode.c.h; path = leptwin.h; sourceTree = "<group>"; };
		38F3E17518EFE5A4005760F6 /* list.h */ = {isa = PBXFileReference; fileEncoding = 4; lastKnownFileType = sourcecode.c.h; path = list.h; sourceTree = "<group>"; };
		38F3E17618EFE5A4005760F6 /* morph.h */ = {isa = PBXFileReference; fileEncoding = 4; lastKnownFileType = sourcecode.c.h; path = morph.h; sourceTree = "<group>"; };
		38F3E17718EFE5A4005760F6 /* pix.h */ = {isa = PBXFileReference; fileEncoding = 4; lastKnownFileType = sourcecode.c.h; path = pix.h; sourceTree = "<group>"; };
		38F3E17818EFE5A4005760F6 /* ptra.h */ = {isa = PBXFileReference; fileEncoding = 4; lastKnownFileType = sourcecode.c.h; path = ptra.h; sourceTree = "<group>"; };
		38F3E17918EFE5A4005760F6 /* queue.h */ = {isa = PBXFileReference; fileEncoding = 4; lastKnownFileType = sourcecode.c.h; path = queue.h; sourceTree = "<group>"; };
		38F3E17A18EFE5A4005760F6 /* readbarcode.h */ = {isa = PBXFileReference; fileEncoding = 4; lastKnownFileType = sourcecode.c.h; path = readbarcode.h; sourceTree = "<group>"; };
		38F3E17B18EFE5A4005760F6 /* regutils.h */ = {isa = PBXFileReference; fileEncoding = 4; lastKnownFileType = sourcecode.c.h; path = regutils.h; sourceTree = "<group>"; };
		38F3E17C18EFE5A4005760F6 /* stack.h */ = {isa = PBXFileReference; fileEncoding = 4; lastKnownFileType = sourcecode.c.h; path = stack.h; sourceTree = "<group>"; };
		38F3E17D18EFE5A4005760F6 /* sudoku.h */ = {isa = PBXFileReference; fileEncoding = 4; lastKnownFileType = sourcecode.c.h; path = sudoku.h; sourceTree = "<group>"; };
		38F3E17E18EFE5A4005760F6 /* watershed.h */ = {isa = PBXFileReference; fileEncoding = 4; lastKnownFileType = sourcecode.c.h; path = watershed.h; sourceTree = "<group>"; };
		38F3E18018EFE5A4005760F6 /* ambigs.h */ = {isa = PBXFileReference; fileEncoding = 4; lastKnownFileType = sourcecode.c.h; path = ambigs.h; sourceTree = "<group>"; };
		38F3E18118EFE5A4005760F6 /* apitypes.h */ = {isa = PBXFileReference; fileEncoding = 4; lastKnownFileType = sourcecode.c.h; path = apitypes.h; sourceTree = "<group>"; };
		38F3E18218EFE5A4005760F6 /* baseapi.h */ = {isa = PBXFileReference; fileEncoding = 4; lastKnownFileType = sourcecode.c.h; path = baseapi.h; sourceTree = "<group>"; };
		38F3E18318EFE5A4005760F6 /* basedir.h */ = {isa = PBXFileReference; fileEncoding = 4; lastKnownFileType = sourcecode.c.h; path = basedir.h; sourceTree = "<group>"; };
		38F3E18418EFE5A4005760F6 /* bits16.h */ = {isa = PBXFileReference; fileEncoding = 4; lastKnownFileType = sourcecode.c.h; path = bits16.h; sourceTree = "<group>"; };
		38F3E18518EFE5A4005760F6 /* bitvector.h */ = {isa = PBXFileReference; fileEncoding = 4; lastKnownFileType = sourcecode.c.h; path = bitvector.h; sourceTree = "<group>"; };
		38F3E18618EFE5A4005760F6 /* blckerr.h */ = {isa = PBXFileReference; fileEncoding = 4; lastKnownFileType = sourcecode.c.h; path = blckerr.h; sourceTree = "<group>"; };
		38F3E18718EFE5A4005760F6 /* blobbox.h */ = {isa = PBXFileReference; fileEncoding = 4; lastKnownFileType = sourcecode.c.h; path = blobbox.h; sourceTree = "<group>"; };
		38F3E18818EFE5A4005760F6 /* blobs.h */ = {isa = PBXFileReference; fileEncoding = 4; lastKnownFileType = sourcecode.c.h; path = blobs.h; sourceTree = "<group>"; };
		38F3E18918EFE5A4005760F6 /* blread.h */ = {isa = PBXFileReference; fileEncoding = 4; lastKnownFileType = sourcecode.c.h; path = blread.h; sourceTree = "<group>"; };
		38F3E18A18EFE5A4005760F6 /* boxread.h */ = {isa = PBXFileReference; fileEncoding = 4; lastKnownFileType = sourcecode.c.h; path = boxread.h; sourceTree = "<group>"; };
		38F3E18B18EFE5A4005760F6 /* boxword.h */ = {isa = PBXFileReference; fileEncoding = 4; lastKnownFileType = sourcecode.c.h; path = boxword.h; sourceTree = "<group>"; };
		38F3E18C18EFE5A4005760F6 /* capi.h */ = {isa = PBXFileReference; fileEncoding = 4; lastKnownFileType = sourcecode.c.h; path = capi.h; sourceTree = "<group>"; };
		38F3E18D18EFE5A4005760F6 /* ccstruct.h */ = {isa = PBXFileReference; fileEncoding = 4; lastKnownFileType = sourcecode.c.h; path = ccstruct.h; sourceTree = "<group>"; };
		38F3E18E18EFE5A4005760F6 /* ccutil.h */ = {isa = PBXFileReference; fileEncoding = 4; lastKnownFileType = sourcecode.c.h; path = ccutil.h; sourceTree = "<group>"; };
		38F3E18F18EFE5A4005760F6 /* clst.h */ = {isa = PBXFileReference; fileEncoding = 4; lastKnownFileType = sourcecode.c.h; path = clst.h; sourceTree = "<group>"; };
		38F3E19018EFE5A4005760F6 /* control.h */ = {isa = PBXFileReference; fileEncoding = 4; lastKnownFileType = sourcecode.c.h; path = control.h; sourceTree = "<group>"; };
		38F3E19118EFE5A4005760F6 /* coutln.h */ = {isa = PBXFileReference; fileEncoding = 4; lastKnownFileType = sourcecode.c.h; path = coutln.h; sourceTree = "<group>"; };
		38F3E19218EFE5A4005760F6 /* crakedge.h */ = {isa = PBXFileReference; fileEncoding = 4; lastKnownFileType = sourcecode.c.h; path = crakedge.h; sourceTree = "<group>"; };
		38F3E19318EFE5A4005760F6 /* cube_reco_context.h */ = {isa = PBXFileReference; fileEncoding = 4; lastKnownFileType = sourcecode.c.h; path = cube_reco_context.h; sourceTree = "<group>"; };
		38F3E19418EFE5A4005760F6 /* cubeclassifier.h */ = {isa = PBXFileReference; fileEncoding = 4; lastKnownFileType = sourcecode.c.h; path = cubeclassifier.h; sourceTree = "<group>"; };
		38F3E19518EFE5A4005760F6 /* detlinefit.h */ = {isa = PBXFileReference; fileEncoding = 4; lastKnownFileType = sourcecode.c.h; path = detlinefit.h; sourceTree = "<group>"; };
		38F3E19618EFE5A4005760F6 /* docqual.h */ = {isa = PBXFileReference; fileEncoding = 4; lastKnownFileType = sourcecode.c.h; path = docqual.h; sourceTree = "<group>"; };
		38F3E19718EFE5A4005760F6 /* dppoint.h */ = {isa = PBXFileReference; fileEncoding = 4; lastKnownFileType = sourcecode.c.h; path = dppoint.h; sourceTree = "<group>"; };
		38F3E19818EFE5A4005760F6 /* elst.h */ = {isa = PBXFileReference; fileEncoding = 4; lastKnownFileType = sourcecode.c.h; path = elst.h; sourceTree = "<group>"; };
		38F3E19918EFE5A4005760F6 /* elst2.h */ = {isa = PBXFileReference; fileEncoding = 4; lastKnownFileType = sourcecode.c.h; path = elst2.h; sourceTree = "<group>"; };
		38F3E19A18EFE5A4005760F6 /* equationdetect.h */ = {isa = PBXFileReference; fileEncoding = 4; lastKnownFileType = sourcecode.c.h; path = equationdetect.h; sourceTree = "<group>"; };
		38F3E19B18EFE5A4005760F6 /* errcode.h */ = {isa = PBXFileReference; fileEncoding = 4; lastKnownFileType = sourcecode.c.h; path = errcode.h; sourceTree = "<group>"; };
		38F3E19C18EFE5A4005760F6 /* fileerr.h */ = {isa = PBXFileReference; fileEncoding = 4; lastKnownFileType = sourcecode.c.h; path = fileerr.h; sourceTree = "<group>"; };
		38F3E19D18EFE5A4005760F6 /* fixspace.h */ = {isa = PBXFileReference; fileEncoding = 4; lastKnownFileType = sourcecode.c.h; path = fixspace.h; sourceTree = "<group>"; };
		38F3E19E18EFE5A4005760F6 /* fontinfo.h */ = {isa = PBXFileReference; fileEncoding = 4; lastKnownFileType = sourcecode.c.h; path = fontinfo.h; sourceTree = "<group>"; };
		38F3E19F18EFE5A4005760F6 /* genblob.h */ = {isa = PBXFileReference; fileEncoding = 4; lastKnownFileType = sourcecode.c.h; path = genblob.h; sourceTree = "<group>"; };
		38F3E1A018EFE5A4005760F6 /* genericvector.h */ = {isa = PBXFileReference; fileEncoding = 4; lastKnownFileType = sourcecode.c.h; path = genericvector.h; sourceTree = "<group>"; };
		38F3E1A118EFE5A4005760F6 /* globaloc.h */ = {isa = PBXFileReference; fileEncoding = 4; lastKnownFileType = sourcecode.c.h; path = globaloc.h; sourceTree = "<group>"; };
		38F3E1A218EFE5A4005760F6 /* hashfn.h */ = {isa = PBXFileReference; fileEncoding = 4; lastKnownFileType = sourcecode.c.h; path = hashfn.h; sourceTree = "<group>"; };
		38F3E1A318EFE5A4005760F6 /* helpers.h */ = {isa = PBXFileReference; fileEncoding = 4; lastKnownFileType = sourcecode.c.h; path = helpers.h; sourceTree = "<group>"; };
		38F3E1A418EFE5A4005760F6 /* host.h */ = {isa = PBXFileReference; fileEncoding = 4; lastKnownFileType = sourcecode.c.h; path = host.h; sourceTree = "<group>"; };
		38F3E1A518EFE5A4005760F6 /* hosthplb.h */ = {isa = PBXFileReference; fileEncoding = 4; lastKnownFileType = sourcecode.c.h; path = hosthplb.h; sourceTree = "<group>"; };
		38F3E1A618EFE5A4005760F6 /* hpddef.h */ = {isa = PBXFileReference; fileEncoding = 4; lastKnownFileType = sourcecode.c.h; path = hpddef.h; sourceTree = "<group>"; };
		38F3E1A718EFE5A4005760F6 /* hpdsizes.h */ = {isa = PBXFileReference; fileEncoding = 4; lastKnownFileType = sourcecode.c.h; path = hpdsizes.h; sourceTree = "<group>"; };
		38F3E1A818EFE5A4005760F6 /* imgscale.h */ = {isa = PBXFileReference; fileEncoding = 4; lastKnownFileType = sourcecode.c.h; path = imgscale.h; sourceTree = "<group>"; };
		38F3E1A918EFE5A4005760F6 /* indexmapbidi.h */ = {isa = PBXFileReference; fileEncoding = 4; lastKnownFileType = sourcecode.c.h; path = indexmapbidi.h; sourceTree = "<group>"; };
		38F3E1AA18EFE5A4005760F6 /* ipoints.h */ = {isa = PBXFileReference; fileEncoding = 4; lastKnownFileType = sourcecode.c.h; path = ipoints.h; sourceTree = "<group>"; };
		38F3E1AB18EFE5A4005760F6 /* linlsq.h */ = {isa = PBXFileReference; fileEncoding = 4; lastKnownFileType = sourcecode.c.h; path = linlsq.h; sourceTree = "<group>"; };
		38F3E1AC18EFE5A4005760F6 /* lsterr.h */ = {isa = PBXFileReference; fileEncoding = 4; lastKnownFileType = sourcecode.c.h; path = lsterr.h; sourceTree = "<group>"; };
		38F3E1AD18EFE5A4005760F6 /* ltrresultiterator.h */ = {isa = PBXFileReference; fileEncoding = 4; lastKnownFileType = sourcecode.c.h; path = ltrresultiterator.h; sourceTree = "<group>"; };
		38F3E1AE18EFE5A4005760F6 /* matrix.h */ = {isa = PBXFileReference; fileEncoding = 4; lastKnownFileType = sourcecode.c.h; path = matrix.h; sourceTree = "<group>"; };
		38F3E1AF18EFE5A4005760F6 /* memry.h */ = {isa = PBXFileReference; fileEncoding = 4; lastKnownFileType = sourcecode.c.h; path = memry.h; sourceTree = "<group>"; };
		38F3E1B018EFE5A4005760F6 /* mfcpch.h */ = {isa = PBXFileReference; fileEncoding = 4; lastKnownFileType = sourcecode.c.h; path = mfcpch.h; sourceTree = "<group>"; };
		38F3E1B118EFE5A4005760F6 /* mod128.h */ = {isa = PBXFileReference; fileEncoding = 4; lastKnownFileType = sourcecode.c.h; path = mod128.h; sourceTree = "<group>"; };
		38F3E1B218EFE5A4005760F6 /* mutableiterator.h */ = {isa = PBXFileReference; fileEncoding = 4; lastKnownFileType = sourcecode.c.h; path = mutableiterator.h; sourceTree = "<group>"; };
		38F3E1B318EFE5A4005760F6 /* ndminx.h */ = {isa = PBXFileReference; fileEncoding = 4; lastKnownFileType = sourcecode.c.h; path = ndminx.h; sourceTree = "<group>"; };
		38F3E1B418EFE5A4005760F6 /* normalis.h */ = {isa = PBXFileReference; fileEncoding = 4; lastKnownFileType = sourcecode.c.h; path = normalis.h; sourceTree = "<group>"; };
		38F3E1B518EFE5A4005760F6 /* notdll.h */ = {isa = PBXFileReference; fileEncoding = 4; lastKnownFileType = sourcecode.c.h; path = notdll.h; sourceTree = "<group>"; };
		38F3E1B618EFE5A4005760F6 /* nwmain.h */ = {isa = PBXFileReference; fileEncoding = 4; lastKnownFileType = sourcecode.c.h; path = nwmain.h; sourceTree = "<group>"; };
		38F3E1B718EFE5A4005760F6 /* ocrblock.h */ = {isa = PBXFileReference; fileEncoding = 4; lastKnownFileType = sourcecode.c.h; path = ocrblock.h; sourceTree = "<group>"; };
		38F3E1B818EFE5A4005760F6 /* ocrclass.h */ = {isa = PBXFileReference; fileEncoding = 4; lastKnownFileType = sourcecode.c.h; path = ocrclass.h; sourceTree = "<group>"; };
		38F3E1B918EFE5A4005760F6 /* ocrpara.h */ = {isa = PBXFileReference; fileEncoding = 4; lastKnownFileType = sourcecode.c.h; path = ocrpara.h; sourceTree = "<group>"; };
		38F3E1BA18EFE5A4005760F6 /* ocrrow.h */ = {isa = PBXFileReference; fileEncoding = 4; lastKnownFileType = sourcecode.c.h; path = ocrrow.h; sourceTree = "<group>"; };
		38F3E1BB18EFE5A4005760F6 /* osdetect.h */ = {isa = PBXFileReference; fileEncoding = 4; lastKnownFileType = sourcecode.c.h; path = osdetect.h; sourceTree = "<group>"; };
		38F3E1BC18EFE5A4005760F6 /* otsuthr.h */ = {isa = PBXFileReference; fileEncoding = 4; lastKnownFileType = sourcecode.c.h; path = otsuthr.h; sourceTree = "<group>"; };
		38F3E1BD18EFE5A4005760F6 /* output.h */ = {isa = PBXFileReference; fileEncoding = 4; lastKnownFileType = sourcecode.c.h; path = output.h; sourceTree = "<group>"; };
		38F3E1BE18EFE5A4005760F6 /* pageiterator.h */ = {isa = PBXFileReference; fileEncoding = 4; lastKnownFileType = sourcecode.c.h; path = pageiterator.h; sourceTree = "<group>"; };
		38F3E1BF18EFE5A4005760F6 /* pageres.h */ = {isa = PBXFileReference; fileEncoding = 4; lastKnownFileType = sourcecode.c.h; path = pageres.h; sourceTree = "<group>"; };
		38F3E1C018EFE5A4005760F6 /* paragraphs.h */ = {isa = PBXFileReference; fileEncoding = 4; lastKnownFileType = sourcecode.c.h; path = paragraphs.h; sourceTree = "<group>"; };
		38F3E1C118EFE5A4005760F6 /* paragraphs_internal.h */ = {isa = PBXFileReference; fileEncoding = 4; lastKnownFileType = sourcecode.c.h; path = paragraphs_internal.h; sourceTree = "<group>"; };
		38F3E1C218EFE5A4005760F6 /* params.h */ = {isa = PBXFileReference; fileEncoding = 4; lastKnownFileType = sourcecode.c.h; path = params.h; sourceTree = "<group>"; };
		38F3E1C318EFE5A4005760F6 /* params_training_featdef.h */ = {isa = PBXFileReference; fileEncoding = 4; lastKnownFileType = sourcecode.c.h; path = params_training_featdef.h; sourceTree = "<group>"; };
		38F3E1C418EFE5A4005760F6 /* paramsd.h */ = {isa = PBXFileReference; fileEncoding = 4; lastKnownFileType = sourcecode.c.h; path = paramsd.h; sourceTree = "<group>"; };
		38F3E1C518EFE5A4005760F6 /* pdblock.h */ = {isa = PBXFileReference; fileEncoding = 4; lastKnownFileType = sourcecode.c.h; path = pdblock.h; sourceTree = "<group>"; };
		38F3E1C618EFE5A4005760F6 /* pgedit.h */ = {isa = PBXFileReference; fileEncoding = 4; lastKnownFileType = sourcecode.c.h; path = pgedit.h; sourceTree = "<group>"; };
		38F3E1C718EFE5A4005760F6 /* platform.h */ = {isa = PBXFileReference; fileEncoding = 4; lastKnownFileType = sourcecode.c.h; path = platform.h; sourceTree = "<group>"; };
		38F3E1C818EFE5A4005760F6 /* points.h */ = {isa = PBXFileReference; fileEncoding = 4; lastKnownFileType = sourcecode.c.h; path = points.h; sourceTree = "<group>"; };
		38F3E1C918EFE5A4005760F6 /* polyaprx.h */ = {isa = PBXFileReference; fileEncoding = 4; lastKnownFileType = sourcecode.c.h; path = polyaprx.h; sourceTree = "<group>"; };
		38F3E1CA18EFE5A4005760F6 /* polyblk.h */ = {isa = PBXFileReference; fileEncoding = 4; lastKnownFileType = sourcecode.c.h; path = polyblk.h; sourceTree = "<group>"; };
		38F3E1CB18EFE5A4005760F6 /* publictypes.h */ = {isa = PBXFileReference; fileEncoding = 4; lastKnownFileType = sourcecode.c.h; path = publictypes.h; sourceTree = "<group>"; };
		38F3E1CC18EFE5A4005760F6 /* qrsequence.h */ = {isa = PBXFileReference; fileEncoding = 4; lastKnownFileType = sourcecode.c.h; path = qrsequence.h; sourceTree = "<group>"; };
		38F3E1CD18EFE5A4005760F6 /* quadlsq.h */ = {isa = PBXFileReference; fileEncoding = 4; lastKnownFileType = sourcecode.c.h; path = quadlsq.h; sourceTree = "<group>"; };
		38F3E1CE18EFE5A4005760F6 /* quadratc.h */ = {isa = PBXFileReference; fileEncoding = 4; lastKnownFileType = sourcecode.c.h; path = quadratc.h; sourceTree = "<group>"; };
		38F3E1CF18EFE5A4005760F6 /* quspline.h */ = {isa = PBXFileReference; fileEncoding = 4; lastKnownFileType = sourcecode.c.h; path = quspline.h; sourceTree = "<group>"; };
		38F3E1D018EFE5A4005760F6 /* ratngs.h */ = {isa = PBXFileReference; fileEncoding = 4; lastKnownFileType = sourcecode.c.h; path = ratngs.h; sourceTree = "<group>"; };
		38F3E1D118EFE5A4005760F6 /* rect.h */ = {isa = PBXFileReference; fileEncoding = 4; lastKnownFileType = sourcecode.c.h; path = rect.h; sourceTree = "<group>"; };
		38F3E1D218EFE5A4005760F6 /* rejctmap.h */ = {isa = PBXFileReference; fileEncoding = 4; lastKnownFileType = sourcecode.c.h; path = rejctmap.h; sourceTree = "<group>"; };
		38F3E1D318EFE5A4005760F6 /* reject.h */ = {isa = PBXFileReference; fileEncoding = 4; lastKnownFileType = sourcecode.c.h; path = reject.h; sourceTree = "<group>"; };
		38F3E1D418EFE5A4005760F6 /* resultiterator.h */ = {isa = PBXFileReference; fileEncoding = 4; lastKnownFileType = sourcecode.c.h; path = resultiterator.h; sourceTree = "<group>"; };
		38F3E1D518EFE5A4005760F6 /* scaleimg.h */ = {isa = PBXFileReference; fileEncoding = 4; lastKnownFileType = sourcecode.c.h; path = scaleimg.h; sourceTree = "<group>"; };
		38F3E1D618EFE5A4005760F6 /* scanutils.h */ = {isa = PBXFileReference; fileEncoding = 4; lastKnownFileType = sourcecode.c.h; path = scanutils.h; sourceTree = "<group>"; };
		38F3E1D718EFE5A4005760F6 /* seam.h */ = {isa = PBXFileReference; fileEncoding = 4; lastKnownFileType = sourcecode.c.h; path = seam.h; sourceTree = "<group>"; };
		38F3E1D818EFE5A4005760F6 /* secname.h */ = {isa = PBXFileReference; fileEncoding = 4; lastKnownFileType = sourcecode.c.h; path = secname.h; sourceTree = "<group>"; };
		38F3E1D918EFE5A4005760F6 /* serialis.h */ = {isa = PBXFileReference; fileEncoding = 4; lastKnownFileType = sourcecode.c.h; path = serialis.h; sourceTree = "<group>"; };
		38F3E1DA18EFE5A4005760F6 /* sorthelper.h */ = {isa = PBXFileReference; fileEncoding = 4; lastKnownFileType = sourcecode.c.h; path = sorthelper.h; sourceTree = "<group>"; };
		38F3E1DB18EFE5A4005760F6 /* split.h */ = {isa = PBXFileReference; fileEncoding = 4; lastKnownFileType = sourcecode.c.h; path = split.h; sourceTree = "<group>"; };
		38F3E1DC18EFE5A4005760F6 /* statistc.h */ = {isa = PBXFileReference; fileEncoding = 4; lastKnownFileType = sourcecode.c.h; path = statistc.h; sourceTree = "<group>"; };
		38F3E1DD18EFE5A4005760F6 /* stderr.h */ = {isa = PBXFileReference; fileEncoding = 4; lastKnownFileType = sourcecode.c.h; path = stderr.h; sourceTree = "<group>"; };
		38F3E1DE18EFE5A4005760F6 /* stepblob.h */ = {isa = PBXFileReference; fileEncoding = 4; lastKnownFileType = sourcecode.c.h; path = stepblob.h; sourceTree = "<group>"; };
		38F3E1DF18EFE5A4005760F6 /* strngs.h */ = {isa = PBXFileReference; fileEncoding = 4; lastKnownFileType = sourcecode.c.h; path = strngs.h; sourceTree = "<group>"; };
		38F3E1E018EFE5A4005760F6 /* tessbox.h */ = {isa = PBXFileReference; fileEncoding = 4; lastKnownFileType = sourcecode.c.h; path = tessbox.h; sourceTree = "<group>"; };
		38F3E1E118EFE5A4005760F6 /* tesscallback.h */ = {isa = PBXFileReference; fileEncoding = 4; lastKnownFileType = sourcecode.c.h; path = tesscallback.h; sourceTree = "<group>"; };
		38F3E1E218EFE5A4005760F6 /* tessdatamanager.h */ = {isa = PBXFileReference; fileEncoding = 4; lastKnownFileType = sourcecode.c.h; path = tessdatamanager.h; sourceTree = "<group>"; };
		38F3E1E318EFE5A4005760F6 /* tessedit.h */ = {isa = PBXFileReference; fileEncoding = 4; lastKnownFileType = sourcecode.c.h; path = tessedit.h; sourceTree = "<group>"; };
		38F3E1E418EFE5A4005760F6 /* tesseract_cube_combiner.h */ = {isa = PBXFileReference; fileEncoding = 4; lastKnownFileType = sourcecode.c.h; path = tesseract_cube_combiner.h; sourceTree = "<group>"; };
		38F3E1E518EFE5A4005760F6 /* tesseractclass.h */ = {isa = PBXFileReference; fileEncoding = 4; lastKnownFileType = sourcecode.c.h; path = tesseractclass.h; sourceTree = "<group>"; };
		38F3E1E618EFE5A4005760F6 /* tesseractmain.h */ = {isa = PBXFileReference; fileEncoding = 4; lastKnownFileType = sourcecode.c.h; path = tesseractmain.h; sourceTree = "<group>"; };
		38F3E1E718EFE5A4005760F6 /* tessvars.h */ = {isa = PBXFileReference; fileEncoding = 4; lastKnownFileType = sourcecode.c.h; path = tessvars.h; sourceTree = "<group>"; };
		38F3E1E818EFE5A4005760F6 /* tfacep.h */ = {isa = PBXFileReference; fileEncoding = 4; lastKnownFileType = sourcecode.c.h; path = tfacep.h; sourceTree = "<group>"; };
		38F3E1E918EFE5A4005760F6 /* tfacepp.h */ = {isa = PBXFileReference; fileEncoding = 4; lastKnownFileType = sourcecode.c.h; path = tfacepp.h; sourceTree = "<group>"; };
		38F3E1EA18EFE5A4005760F6 /* thresholder.h */ = {isa = PBXFileReference; fileEncoding = 4; lastKnownFileType = sourcecode.c.h; path = thresholder.h; sourceTree = "<group>"; };
		38F3E1EB18EFE5A4005760F6 /* tprintf.h */ = {isa = PBXFileReference; fileEncoding = 4; lastKnownFileType = sourcecode.c.h; path = tprintf.h; sourceTree = "<group>"; };
		38F3E1EC18EFE5A4005760F6 /* unichar.h */ = {isa = PBXFileReference; fileEncoding = 4; lastKnownFileType = sourcecode.c.h; path = unichar.h; sourceTree = "<group>"; };
		38F3E1ED18EFE5A4005760F6 /* unicharmap.h */ = {isa = PBXFileReference; fileEncoding = 4; lastKnownFileType = sourcecode.c.h; path = unicharmap.h; sourceTree = "<group>"; };
		38F3E1EE18EFE5A4005760F6 /* unicharset.h */ = {isa = PBXFileReference; fileEncoding = 4; lastKnownFileType = sourcecode.c.h; path = unicharset.h; sourceTree = "<group>"; };
		38F3E1EF18EFE5A4005760F6 /* unicity_table.h */ = {isa = PBXFileReference; fileEncoding = 4; lastKnownFileType = sourcecode.c.h; path = unicity_table.h; sourceTree = "<group>"; };
		38F3E1F018EFE5A4005760F6 /* unicodes.h */ = {isa = PBXFileReference; fileEncoding = 4; lastKnownFileType = sourcecode.c.h; path = unicodes.h; sourceTree = "<group>"; };
		38F3E1F118EFE5A4005760F6 /* vecfuncs.h */ = {isa = PBXFileReference; fileEncoding = 4; lastKnownFileType = sourcecode.c.h; path = vecfuncs.h; sourceTree = "<group>"; };
		38F3E1F218EFE5A4005760F6 /* werd.h */ = {isa = PBXFileReference; fileEncoding = 4; lastKnownFileType = sourcecode.c.h; path = werd.h; sourceTree = "<group>"; };
		38F3E1F318EFE5A4005760F6 /* werdit.h */ = {isa = PBXFileReference; fileEncoding = 4; lastKnownFileType = sourcecode.c.h; path = werdit.h; sourceTree = "<group>"; };
		38F3E1F418EFE69B005760F6 /* TesseractOCR.framework */ = {isa = PBXFileReference; lastKnownFileType = wrapper.framework; path = TesseractOCR.framework; sourceTree = "<group>"; };
/* End PBXFileReference section */

/* Begin PBXFrameworksBuildPhase section */
		387701E318E3C3590035CE60 /* Frameworks */ = {
			isa = PBXFrameworksBuildPhase;
			buildActionMask = 2147483647;
			files = (
				38632DAD1901AE9800940430 /* AssetsLibrary.framework in Frameworks */,
				38F3E1F518EFE69B005760F6 /* TesseractOCR.framework in Frameworks */,
				38B3BEE418EFC8F4000C7D4D /* opencv2.framework in Frameworks */,
				3817402118EF8C73003CC0C6 /* MessageUI.framework in Frameworks */,
				3877022118E3C3A30035CE60 /* libstdc++.6.0.9.dylib in Frameworks */,
				387701EC18E3C3590035CE60 /* CoreGraphics.framework in Frameworks */,
				387701EE18E3C3590035CE60 /* UIKit.framework in Frameworks */,
				387701EA18E3C3590035CE60 /* Foundation.framework in Frameworks */,
			);
			runOnlyForDeploymentPostprocessing = 0;
		};
		3877020418E3C3590035CE60 /* Frameworks */ = {
			isa = PBXFrameworksBuildPhase;
			buildActionMask = 2147483647;
			files = (
				3877020918E3C3590035CE60 /* XCTest.framework in Frameworks */,
				3877020B18E3C3590035CE60 /* UIKit.framework in Frameworks */,
				3877020A18E3C3590035CE60 /* Foundation.framework in Frameworks */,
			);
			runOnlyForDeploymentPostprocessing = 0;
		};
/* End PBXFrameworksBuildPhase section */

/* Begin PBXGroup section */
		3817401718EF6B16003CC0C6 /* Model */ = {
			isa = PBXGroup;
			children = (
				3817401418EF6B11003CC0C6 /* TesseractSettingsModel.h */,
				3817401518EF6B11003CC0C6 /* TesseractSettingsModel.m */,
			);
			name = Model;
			sourceTree = "<group>";
		};
		387701DD18E3C3590035CE60 = {
			isa = PBXGroup;
			children = (
				387701EF18E3C3590035CE60 /* Tesseract */,
				3877020E18E3C3590035CE60 /* TesseractTests */,
				387701E818E3C3590035CE60 /* Frameworks */,
				387701E718E3C3590035CE60 /* Products */,
			);
			sourceTree = "<group>";
		};
		387701E718E3C3590035CE60 /* Products */ = {
			isa = PBXGroup;
			children = (
				387701E618E3C3590035CE60 /* Tesseract.app */,
				3877020718E3C3590035CE60 /* TesseractTests.xctest */,
			);
			name = Products;
			sourceTree = "<group>";
		};
		387701E818E3C3590035CE60 /* Frameworks */ = {
			isa = PBXGroup;
			children = (
				38632DAC1901AE9800940430 /* AssetsLibrary.framework */,
				38F3E1F418EFE69B005760F6 /* TesseractOCR.framework */,
				38B3BEE318EFC8F4000C7D4D /* opencv2.framework */,
				38795B7018EFA2C6009835E2 /* libz.dylib */,
				3817402018EF8C73003CC0C6 /* MessageUI.framework */,
				3877022018E3C3A30035CE60 /* libstdc++.6.0.9.dylib */,
				387701E918E3C3590035CE60 /* Foundation.framework */,
				387701EB18E3C3590035CE60 /* CoreGraphics.framework */,
				387701ED18E3C3590035CE60 /* UIKit.framework */,
				3877020818E3C3590035CE60 /* XCTest.framework */,
			);
			name = Frameworks;
			sourceTree = "<group>";
		};
		387701EF18E3C3590035CE60 /* Tesseract */ = {
			isa = PBXGroup;
			children = (
				38B93AB51901DEC900DCFED7 /* grey man cropped.png */,
				38F3E16218EFE5A4005760F6 /* include */,
				3817401718EF6B16003CC0C6 /* Model */,
				38839CF718E3D474000FF0C6 /* gallery.png */,
				38839CF918E3D57D000FF0C6 /* settings.png */,
				3877023618E3C68C0035CE60 /* tessdata */,
				3862999F190657280080F6D2 /* CustomImagePickerController.h */,
				386299A0190657280080F6D2 /* CustomImagePickerController.m */,
				38795B9118EFB19E009835E2 /* ImageProcessingProtocol.h */,
				38795B9218EFB2B0009835E2 /* ImageProcessingImplementation.h */,
				38795B9318EFB2B0009835E2 /* ImageProcessingImplementation.mm */,
				38795B9518EFB32A009835E2 /* ImageProcessor.h */,
				38795B9B18EFB696009835E2 /* ImageProcessor.cpp */,
				384701AE18F102C000714CC3 /* GeneralContours.h */,
				384701AF18F1030E00714CC3 /* GeneralContours.mm */,
				38795B9818EFB448009835E2 /* UIImage+OpenCV.h */,
				38795B9918EFB448009835E2 /* UIImage+OpenCV.mm */,
				387701F818E3C3590035CE60 /* AppDelegate.h */,
				387701F918E3C3590035CE60 /* AppDelegate.m */,
				387701FB18E3C3590035CE60 /* Main.storyboard */,
				383DE2F118F366D4000A7E32 /* ContactsViewController.h */,
				383DE2F218F366D4000A7E32 /* ContactsViewController.m */,
				38632DA91901AC7200940430 /* ALAssetsLibrary+CustomPhotoAlbum.h */,
				38632DAA1901AC7200940430 /* ALAssetsLibrary+CustomPhotoAlbum.m */,
				387701FE18E3C3590035CE60 /* ViewController.h */,
				387701FF18E3C3590035CE60 /* ViewController.m */,
				3825DFF618FF75EC001BF7A1 /* CustomCameraView.h */,
				3825DFF718FF75EC001BF7A1 /* CustomCameraView.m */,
				38EE6668190A6A1D00CB5FC3 /* license.rtf */,
				38EE6666190A669700CB5FC3 /* faq.rtf */,
				38632DAE1901BBD400940430 /* PhotoCell.h */,
				38632DAF1901BBD400940430 /* PhotoCell.m */,
				38361DFC18EA307800E41D33 /* CameraViewController.h */,
				38361DFD18EA307800E41D33 /* CameraViewController.m */,
				3817401118EF68FE003CC0C6 /* SettingsTableViewController.h */,
				3817401218EF68FE003CC0C6 /* SettingsTableViewController.m */,
				3817401818EF7613003CC0C6 /* DetailSettingsViewController.h */,
				3817401918EF7613003CC0C6 /* DetailSettingsViewController.m */,
				3817401B18EF8540003CC0C6 /* FAQTableViewController.h */,
				3817401C18EF8540003CC0C6 /* FAQTableViewController.m */,
				3877020118E3C3590035CE60 /* Images.xcassets */,
				387701F018E3C3590035CE60 /* Supporting Files */,
			);
			name = Tesseract;
			path = "Tesseract BizScanner";
			sourceTree = "<group>";
		};
		387701F018E3C3590035CE60 /* Supporting Files */ = {
			isa = PBXGroup;
			children = (
				387701F118E3C3590035CE60 /* Tesseract-Info.plist */,
				387701F218E3C3590035CE60 /* InfoPlist.strings */,
				387701F518E3C3590035CE60 /* main.m */,
				387701F718E3C3590035CE60 /* Tesseract-Prefix.pch */,
			);
			name = "Supporting Files";
			sourceTree = "<group>";
		};
		3877020E18E3C3590035CE60 /* TesseractTests */ = {
			isa = PBXGroup;
			children = (
				3877021418E3C3590035CE60 /* TesseractTests.m */,
				3877020F18E3C3590035CE60 /* Supporting Files */,
			);
			name = TesseractTests;
			path = "Tesseract BizScannerTests";
			sourceTree = "<group>";
		};
		3877020F18E3C3590035CE60 /* Supporting Files */ = {
			isa = PBXGroup;
			children = (
				3877021018E3C3590035CE60 /* TesseractTests-Info.plist */,
				3877021118E3C3590035CE60 /* InfoPlist.strings */,
			);
			name = "Supporting Files";
			sourceTree = "<group>";
		};
		38F3E16218EFE5A4005760F6 /* include */ = {
			isa = PBXGroup;
			children = (
				38F3E16318EFE5A4005760F6 /* leptonica */,
				38F3E17F18EFE5A4005760F6 /* tesseract */,
			);
			path = include;
			sourceTree = "<group>";
		};
		38F3E16318EFE5A4005760F6 /* leptonica */ = {
			isa = PBXGroup;
			children = (
				38F3E16418EFE5A4005760F6 /* allheaders.h */,
				38F3E16518EFE5A4005760F6 /* alltypes.h */,
				38F3E16618EFE5A4005760F6 /* array.h */,
				38F3E16718EFE5A4005760F6 /* arrayaccess.h */,
				38F3E16818EFE5A4005760F6 /* bbuffer.h */,
				38F3E16918EFE5A4005760F6 /* bmf.h */,
				38F3E16A18EFE5A4005760F6 /* bmp.h */,
				38F3E16B18EFE5A4005760F6 /* ccbord.h */,
				38F3E16C18EFE5A4005760F6 /* dewarp.h */,
				38F3E16D18EFE5A4005760F6 /* endianness.h */,
				38F3E16E18EFE5A4005760F6 /* environ.h */,
				38F3E16F18EFE5A4005760F6 /* freetype.h */,
				38F3E17018EFE5A4005760F6 /* gplot.h */,
				38F3E17118EFE5A4005760F6 /* heap.h */,
				38F3E17218EFE5A4005760F6 /* imageio.h */,
				38F3E17318EFE5A4005760F6 /* jbclass.h */,
				38F3E17418EFE5A4005760F6 /* leptwin.h */,
				38F3E17518EFE5A4005760F6 /* list.h */,
				38F3E17618EFE5A4005760F6 /* morph.h */,
				38F3E17718EFE5A4005760F6 /* pix.h */,
				38F3E17818EFE5A4005760F6 /* ptra.h */,
				38F3E17918EFE5A4005760F6 /* queue.h */,
				38F3E17A18EFE5A4005760F6 /* readbarcode.h */,
				38F3E17B18EFE5A4005760F6 /* regutils.h */,
				38F3E17C18EFE5A4005760F6 /* stack.h */,
				38F3E17D18EFE5A4005760F6 /* sudoku.h */,
				38F3E17E18EFE5A4005760F6 /* watershed.h */,
			);
			path = leptonica;
			sourceTree = "<group>";
		};
		38F3E17F18EFE5A4005760F6 /* tesseract */ = {
			isa = PBXGroup;
			children = (
				38F3E18018EFE5A4005760F6 /* ambigs.h */,
				38F3E18118EFE5A4005760F6 /* apitypes.h */,
				38F3E18218EFE5A4005760F6 /* baseapi.h */,
				38F3E18318EFE5A4005760F6 /* basedir.h */,
				38F3E18418EFE5A4005760F6 /* bits16.h */,
				38F3E18518EFE5A4005760F6 /* bitvector.h */,
				38F3E18618EFE5A4005760F6 /* blckerr.h */,
				38F3E18718EFE5A4005760F6 /* blobbox.h */,
				38F3E18818EFE5A4005760F6 /* blobs.h */,
				38F3E18918EFE5A4005760F6 /* blread.h */,
				38F3E18A18EFE5A4005760F6 /* boxread.h */,
				38F3E18B18EFE5A4005760F6 /* boxword.h */,
				38F3E18C18EFE5A4005760F6 /* capi.h */,
				38F3E18D18EFE5A4005760F6 /* ccstruct.h */,
				38F3E18E18EFE5A4005760F6 /* ccutil.h */,
				38F3E18F18EFE5A4005760F6 /* clst.h */,
				38F3E19018EFE5A4005760F6 /* control.h */,
				38F3E19118EFE5A4005760F6 /* coutln.h */,
				38F3E19218EFE5A4005760F6 /* crakedge.h */,
				38F3E19318EFE5A4005760F6 /* cube_reco_context.h */,
				38F3E19418EFE5A4005760F6 /* cubeclassifier.h */,
				38F3E19518EFE5A4005760F6 /* detlinefit.h */,
				38F3E19618EFE5A4005760F6 /* docqual.h */,
				38F3E19718EFE5A4005760F6 /* dppoint.h */,
				38F3E19818EFE5A4005760F6 /* elst.h */,
				38F3E19918EFE5A4005760F6 /* elst2.h */,
				38F3E19A18EFE5A4005760F6 /* equationdetect.h */,
				38F3E19B18EFE5A4005760F6 /* errcode.h */,
				38F3E19C18EFE5A4005760F6 /* fileerr.h */,
				38F3E19D18EFE5A4005760F6 /* fixspace.h */,
				38F3E19E18EFE5A4005760F6 /* fontinfo.h */,
				38F3E19F18EFE5A4005760F6 /* genblob.h */,
				38F3E1A018EFE5A4005760F6 /* genericvector.h */,
				38F3E1A118EFE5A4005760F6 /* globaloc.h */,
				38F3E1A218EFE5A4005760F6 /* hashfn.h */,
				38F3E1A318EFE5A4005760F6 /* helpers.h */,
				38F3E1A418EFE5A4005760F6 /* host.h */,
				38F3E1A518EFE5A4005760F6 /* hosthplb.h */,
				38F3E1A618EFE5A4005760F6 /* hpddef.h */,
				38F3E1A718EFE5A4005760F6 /* hpdsizes.h */,
				38F3E1A818EFE5A4005760F6 /* imgscale.h */,
				38F3E1A918EFE5A4005760F6 /* indexmapbidi.h */,
				38F3E1AA18EFE5A4005760F6 /* ipoints.h */,
				38F3E1AB18EFE5A4005760F6 /* linlsq.h */,
				38F3E1AC18EFE5A4005760F6 /* lsterr.h */,
				38F3E1AD18EFE5A4005760F6 /* ltrresultiterator.h */,
				38F3E1AE18EFE5A4005760F6 /* matrix.h */,
				38F3E1AF18EFE5A4005760F6 /* memry.h */,
				38F3E1B018EFE5A4005760F6 /* mfcpch.h */,
				38F3E1B118EFE5A4005760F6 /* mod128.h */,
				38F3E1B218EFE5A4005760F6 /* mutableiterator.h */,
				38F3E1B318EFE5A4005760F6 /* ndminx.h */,
				38F3E1B418EFE5A4005760F6 /* normalis.h */,
				38F3E1B518EFE5A4005760F6 /* notdll.h */,
				38F3E1B618EFE5A4005760F6 /* nwmain.h */,
				38F3E1B718EFE5A4005760F6 /* ocrblock.h */,
				38F3E1B818EFE5A4005760F6 /* ocrclass.h */,
				38F3E1B918EFE5A4005760F6 /* ocrpara.h */,
				38F3E1BA18EFE5A4005760F6 /* ocrrow.h */,
				38F3E1BB18EFE5A4005760F6 /* osdetect.h */,
				38F3E1BC18EFE5A4005760F6 /* otsuthr.h */,
				38F3E1BD18EFE5A4005760F6 /* output.h */,
				38F3E1BE18EFE5A4005760F6 /* pageiterator.h */,
				38F3E1BF18EFE5A4005760F6 /* pageres.h */,
				38F3E1C018EFE5A4005760F6 /* paragraphs.h */,
				38F3E1C118EFE5A4005760F6 /* paragraphs_internal.h */,
				38F3E1C218EFE5A4005760F6 /* params.h */,
				38F3E1C318EFE5A4005760F6 /* params_training_featdef.h */,
				38F3E1C418EFE5A4005760F6 /* paramsd.h */,
				38F3E1C518EFE5A4005760F6 /* pdblock.h */,
				38F3E1C618EFE5A4005760F6 /* pgedit.h */,
				38F3E1C718EFE5A4005760F6 /* platform.h */,
				38F3E1C818EFE5A4005760F6 /* points.h */,
				38F3E1C918EFE5A4005760F6 /* polyaprx.h */,
				38F3E1CA18EFE5A4005760F6 /* polyblk.h */,
				38F3E1CB18EFE5A4005760F6 /* publictypes.h */,
				38F3E1CC18EFE5A4005760F6 /* qrsequence.h */,
				38F3E1CD18EFE5A4005760F6 /* quadlsq.h */,
				38F3E1CE18EFE5A4005760F6 /* quadratc.h */,
				38F3E1CF18EFE5A4005760F6 /* quspline.h */,
				38F3E1D018EFE5A4005760F6 /* ratngs.h */,
				38F3E1D118EFE5A4005760F6 /* rect.h */,
				38F3E1D218EFE5A4005760F6 /* rejctmap.h */,
				38F3E1D318EFE5A4005760F6 /* reject.h */,
				38F3E1D418EFE5A4005760F6 /* resultiterator.h */,
				38F3E1D518EFE5A4005760F6 /* scaleimg.h */,
				38F3E1D618EFE5A4005760F6 /* scanutils.h */,
				38F3E1D718EFE5A4005760F6 /* seam.h */,
				38F3E1D818EFE5A4005760F6 /* secname.h */,
				38F3E1D918EFE5A4005760F6 /* serialis.h */,
				38F3E1DA18EFE5A4005760F6 /* sorthelper.h */,
				38F3E1DB18EFE5A4005760F6 /* split.h */,
				38F3E1DC18EFE5A4005760F6 /* statistc.h */,
				38F3E1DD18EFE5A4005760F6 /* stderr.h */,
				38F3E1DE18EFE5A4005760F6 /* stepblob.h */,
				38F3E1DF18EFE5A4005760F6 /* strngs.h */,
				38F3E1E018EFE5A4005760F6 /* tessbox.h */,
				38F3E1E118EFE5A4005760F6 /* tesscallback.h */,
				38F3E1E218EFE5A4005760F6 /* tessdatamanager.h */,
				38F3E1E318EFE5A4005760F6 /* tessedit.h */,
				38F3E1E418EFE5A4005760F6 /* tesseract_cube_combiner.h */,
				38F3E1E518EFE5A4005760F6 /* tesseractclass.h */,
				38F3E1E618EFE5A4005760F6 /* tesseractmain.h */,
				38F3E1E718EFE5A4005760F6 /* tessvars.h */,
				38F3E1E818EFE5A4005760F6 /* tfacep.h */,
				38F3E1E918EFE5A4005760F6 /* tfacepp.h */,
				38F3E1EA18EFE5A4005760F6 /* thresholder.h */,
				38F3E1EB18EFE5A4005760F6 /* tprintf.h */,
				38F3E1EC18EFE5A4005760F6 /* unichar.h */,
				38F3E1ED18EFE5A4005760F6 /* unicharmap.h */,
				38F3E1EE18EFE5A4005760F6 /* unicharset.h */,
				38F3E1EF18EFE5A4005760F6 /* unicity_table.h */,
				38F3E1F018EFE5A4005760F6 /* unicodes.h */,
				38F3E1F118EFE5A4005760F6 /* vecfuncs.h */,
				38F3E1F218EFE5A4005760F6 /* werd.h */,
				38F3E1F318EFE5A4005760F6 /* werdit.h */,
			);
			path = tesseract;
			sourceTree = "<group>";
		};
/* End PBXGroup section */

/* Begin PBXNativeTarget section */
		387701E518E3C3590035CE60 /* Tesseract */ = {
			isa = PBXNativeTarget;
			buildConfigurationList = 3877021818E3C3590035CE60 /* Build configuration list for PBXNativeTarget "Tesseract" */;
			buildPhases = (
				387701E218E3C3590035CE60 /* Sources */,
				387701E318E3C3590035CE60 /* Frameworks */,
				387701E418E3C3590035CE60 /* Resources */,
			);
			buildRules = (
			);
			dependencies = (
			);
			name = Tesseract;
			productName = "Tesseract BizScanner";
			productReference = 387701E618E3C3590035CE60 /* Tesseract.app */;
			productType = "com.apple.product-type.application";
		};
		3877020618E3C3590035CE60 /* TesseractTests */ = {
			isa = PBXNativeTarget;
			buildConfigurationList = 3877021B18E3C3590035CE60 /* Build configuration list for PBXNativeTarget "TesseractTests" */;
			buildPhases = (
				3877020318E3C3590035CE60 /* Sources */,
				3877020418E3C3590035CE60 /* Frameworks */,
				3877020518E3C3590035CE60 /* Resources */,
			);
			buildRules = (
			);
			dependencies = (
				3877020D18E3C3590035CE60 /* PBXTargetDependency */,
			);
			name = TesseractTests;
			productName = "Tesseract BizScannerTests";
			productReference = 3877020718E3C3590035CE60 /* TesseractTests.xctest */;
			productType = "com.apple.product-type.bundle.unit-test";
		};
/* End PBXNativeTarget section */

/* Begin PBXProject section */
		387701DE18E3C3590035CE60 /* Project object */ = {
			isa = PBXProject;
			attributes = {
				LastUpgradeCheck = 0510;
				ORGANIZATIONNAME = "Abhilash S T P";
				TargetAttributes = {
					387701E518E3C3590035CE60 = {
						DevelopmentTeam = 4QD4LN7PUZ;
					};
					3877020618E3C3590035CE60 = {
						TestTargetID = 387701E518E3C3590035CE60;
					};
				};
			};
			buildConfigurationList = 387701E118E3C3590035CE60 /* Build configuration list for PBXProject "Tesseract" */;
			compatibilityVersion = "Xcode 3.2";
			developmentRegion = English;
			hasScannedForEncodings = 0;
			knownRegions = (
				en,
				Base,
			);
			mainGroup = 387701DD18E3C3590035CE60;
			productRefGroup = 387701E718E3C3590035CE60 /* Products */;
			projectDirPath = "";
			projectRoot = "";
			targets = (
				387701E518E3C3590035CE60 /* Tesseract */,
				3877020618E3C3590035CE60 /* TesseractTests */,
			);
		};
/* End PBXProject section */

/* Begin PBXResourcesBuildPhase section */
		387701E418E3C3590035CE60 /* Resources */ = {
			isa = PBXResourcesBuildPhase;
			buildActionMask = 2147483647;
			files = (
				3877020218E3C3590035CE60 /* Images.xcassets in Resources */,
				387701F418E3C3590035CE60 /* InfoPlist.strings in Resources */,
				38EE6667190A669700CB5FC3 /* faq.rtf in Resources */,
				38EE6669190A6A1D00CB5FC3 /* license.rtf in Resources */,
				3877023718E3C68C0035CE60 /* tessdata in Resources */,
				387701FD18E3C3590035CE60 /* Main.storyboard in Resources */,
				38839CFA18E3D57D000FF0C6 /* settings.png in Resources */,
				38B93AB61901DEC900DCFED7 /* grey man cropped.png in Resources */,
				38839CF818E3D474000FF0C6 /* gallery.png in Resources */,
			);
			runOnlyForDeploymentPostprocessing = 0;
		};
		3877020518E3C3590035CE60 /* Resources */ = {
			isa = PBXResourcesBuildPhase;
			buildActionMask = 2147483647;
			files = (
				3877021318E3C3590035CE60 /* InfoPlist.strings in Resources */,
			);
			runOnlyForDeploymentPostprocessing = 0;
		};
/* End PBXResourcesBuildPhase section */

/* Begin PBXSourcesBuildPhase section */
		387701E218E3C3590035CE60 /* Sources */ = {
			isa = PBXSourcesBuildPhase;
			buildActionMask = 2147483647;
			files = (
				38632DB01901BBD400940430 /* PhotoCell.m in Sources */,
				38795B9418EFB2B0009835E2 /* ImageProcessingImplementation.mm in Sources */,
				3877020018E3C3590035CE60 /* ViewController.m in Sources */,
				38361DFE18EA307800E41D33 /* CameraViewController.m in Sources */,
				383DE2F318F366D4000A7E32 /* ContactsViewController.m in Sources */,
				3817401D18EF8540003CC0C6 /* FAQTableViewController.m in Sources */,
				386299A1190657280080F6D2 /* CustomImagePickerController.m in Sources */,
				3817401318EF68FE003CC0C6 /* SettingsTableViewController.m in Sources */,
				38632DAB1901AC7200940430 /* ALAssetsLibrary+CustomPhotoAlbum.m in Sources */,
				387701FA18E3C3590035CE60 /* AppDelegate.m in Sources */,
				384701B018F1030E00714CC3 /* GeneralContours.mm in Sources */,
				38795B9C18EFB696009835E2 /* ImageProcessor.cpp in Sources */,
				387701F618E3C3590035CE60 /* main.m in Sources */,
				3817401A18EF7613003CC0C6 /* DetailSettingsViewController.m in Sources */,
				3825DFF818FF75EC001BF7A1 /* CustomCameraView.m in Sources */,
				3817401618EF6B11003CC0C6 /* TesseractSettingsModel.m in Sources */,
				38795B9A18EFB448009835E2 /* UIImage+OpenCV.mm in Sources */,
			);
			runOnlyForDeploymentPostprocessing = 0;
		};
		3877020318E3C3590035CE60 /* Sources */ = {
			isa = PBXSourcesBuildPhase;
			buildActionMask = 2147483647;
			files = (
				3877021518E3C3590035CE60 /* TesseractTests.m in Sources */,
			);
			runOnlyForDeploymentPostprocessing = 0;
		};
/* End PBXSourcesBuildPhase section */

/* Begin PBXTargetDependency section */
		3877020D18E3C3590035CE60 /* PBXTargetDependency */ = {
			isa = PBXTargetDependency;
			target = 387701E518E3C3590035CE60 /* Tesseract */;
			targetProxy = 3877020C18E3C3590035CE60 /* PBXContainerItemProxy */;
		};
/* End PBXTargetDependency section */

/* Begin PBXVariantGroup section */
		387701F218E3C3590035CE60 /* InfoPlist.strings */ = {
			isa = PBXVariantGroup;
			children = (
				387701F318E3C3590035CE60 /* en */,
			);
			name = InfoPlist.strings;
			sourceTree = "<group>";
		};
		387701FB18E3C3590035CE60 /* Main.storyboard */ = {
			isa = PBXVariantGroup;
			children = (
				387701FC18E3C3590035CE60 /* Base */,
			);
			name = Main.storyboard;
			sourceTree = "<group>";
		};
		3877021118E3C3590035CE60 /* InfoPlist.strings */ = {
			isa = PBXVariantGroup;
			children = (
				3877021218E3C3590035CE60 /* en */,
			);
			name = InfoPlist.strings;
			sourceTree = "<group>";
		};
/* End PBXVariantGroup section */

/* Begin XCBuildConfiguration section */
		3877021618E3C3590035CE60 /* Debug */ = {
			isa = XCBuildConfiguration;
			buildSettings = {
				ALWAYS_SEARCH_USER_PATHS = NO;
				CLANG_CXX_LANGUAGE_STANDARD = "gnu++0x";
				CLANG_CXX_LIBRARY = "libc++";
				CLANG_ENABLE_MODULES = YES;
				CLANG_ENABLE_OBJC_ARC = YES;
				CLANG_WARN_BOOL_CONVERSION = YES;
				CLANG_WARN_CONSTANT_CONVERSION = YES;
				CLANG_WARN_DIRECT_OBJC_ISA_USAGE = YES_ERROR;
				CLANG_WARN_EMPTY_BODY = YES;
				CLANG_WARN_ENUM_CONVERSION = YES;
				CLANG_WARN_INT_CONVERSION = YES;
				CLANG_WARN_OBJC_ROOT_CLASS = YES_ERROR;
				CLANG_WARN__DUPLICATE_METHOD_MATCH = YES;
				"CODE_SIGN_IDENTITY[sdk=iphoneos*]" = "iPhone Developer";
				COPY_PHASE_STRIP = NO;
				GCC_C_LANGUAGE_STANDARD = gnu99;
				GCC_DYNAMIC_NO_PIC = NO;
				GCC_OPTIMIZATION_LEVEL = 0;
				GCC_PREPROCESSOR_DEFINITIONS = (
					"DEBUG=1",
					"$(inherited)",
				);
				GCC_SYMBOLS_PRIVATE_EXTERN = NO;
				GCC_WARN_64_TO_32_BIT_CONVERSION = YES;
				GCC_WARN_ABOUT_RETURN_TYPE = YES_ERROR;
				GCC_WARN_UNDECLARED_SELECTOR = YES;
				GCC_WARN_UNINITIALIZED_AUTOS = YES_AGGRESSIVE;
				GCC_WARN_UNUSED_FUNCTION = YES;
				GCC_WARN_UNUSED_VARIABLE = YES;
				IPHONEOS_DEPLOYMENT_TARGET = 7.1;
				ONLY_ACTIVE_ARCH = YES;
				SDKROOT = iphoneos;
			};
			name = Debug;
		};
		3877021718E3C3590035CE60 /* Release */ = {
			isa = XCBuildConfiguration;
			buildSettings = {
				ALWAYS_SEARCH_USER_PATHS = NO;
				CLANG_CXX_LANGUAGE_STANDARD = "gnu++0x";
				CLANG_CXX_LIBRARY = "libc++";
				CLANG_ENABLE_MODULES = YES;
				CLANG_ENABLE_OBJC_ARC = YES;
				CLANG_WARN_BOOL_CONVERSION = YES;
				CLANG_WARN_CONSTANT_CONVERSION = YES;
				CLANG_WARN_DIRECT_OBJC_ISA_USAGE = YES_ERROR;
				CLANG_WARN_EMPTY_BODY = YES;
				CLANG_WARN_ENUM_CONVERSION = YES;
				CLANG_WARN_INT_CONVERSION = YES;
				CLANG_WARN_OBJC_ROOT_CLASS = YES_ERROR;
				CLANG_WARN__DUPLICATE_METHOD_MATCH = YES;
				"CODE_SIGN_IDENTITY[sdk=iphoneos*]" = "iPhone Developer";
				COPY_PHASE_STRIP = YES;
				ENABLE_NS_ASSERTIONS = NO;
				GCC_C_LANGUAGE_STANDARD = gnu99;
				GCC_WARN_64_TO_32_BIT_CONVERSION = YES;
				GCC_WARN_ABOUT_RETURN_TYPE = YES_ERROR;
				GCC_WARN_UNDECLARED_SELECTOR = YES;
				GCC_WARN_UNINITIALIZED_AUTOS = YES_AGGRESSIVE;
				GCC_WARN_UNUSED_FUNCTION = YES;
				GCC_WARN_UNUSED_VARIABLE = YES;
				IPHONEOS_DEPLOYMENT_TARGET = 7.1;
				SDKROOT = iphoneos;
				VALIDATE_PRODUCT = YES;
			};
			name = Release;
		};
		3877021918E3C3590035CE60 /* Debug */ = {
			isa = XCBuildConfiguration;
			buildSettings = {
				ARCHS = "$(ARCHS_STANDARD)";
				ASSETCATALOG_COMPILER_APPICON_NAME = AppIcon;
				ASSETCATALOG_COMPILER_LAUNCHIMAGE_NAME = LaunchImage;
				CLANG_CXX_LIBRARY = "compiler-default";
				CODE_SIGN_IDENTITY = "iPhone Developer";
				"CODE_SIGN_IDENTITY[sdk=iphoneos*]" = "iPhone Developer";
				DEVELOPMENT_TEAM = 4QD4LN7PUZ;
				FRAMEWORK_SEARCH_PATHS = (
					"$(inherited)",
					"$(PROJECT_DIR)",
					/Users/Abhi/Downloads,
					/Users/Abhi/Documents/opencv/opencv/platforms/ios/ios,
					"/Users/Abhi/Downloads/OpenCV-iOS-master",
				);
				GCC_PRECOMPILE_PREFIX_HEADER = YES;
				GCC_PREFIX_HEADER = "Tesseract BizScanner/Tesseract-Prefix.pch";
				HEADER_SEARCH_PATHS = (
					"$(inherited)",
					/Applications/Xcode.app/Contents/Developer/Toolchains/XcodeDefault.xctoolchain/usr/include,
					$SOURCE_ROOT/include,
				);
				INFOPLIST_FILE = "Tesseract BizScanner/Tesseract-Info.plist";
				IPHONEOS_DEPLOYMENT_TARGET = 11.2;
				LIBRARY_SEARCH_PATHS = (
					"$(inherited)",
					"/Users/Abhi/Downloads/iPhone-OCR-Tesseract-and-OpenCV-master/Pods/Tesseract/lib",
				);
				OTHER_LDFLAGS = "-lstdc++";
				PRODUCT_BUNDLE_IDENTIFIER = com.github.stpabhi;
				PRODUCT_NAME = Tesseract;
				PROVISIONING_PROFILE = "";
				TARGETED_DEVICE_FAMILY = 1;
				VALID_ARCHS = "arm64 armv7 armv7s";
				WRAPPER_EXTENSION = app;
			};
			name = Debug;
		};
		3877021A18E3C3590035CE60 /* Release */ = {
			isa = XCBuildConfiguration;
			buildSettings = {
				ARCHS = "$(ARCHS_STANDARD)";
				ASSETCATALOG_COMPILER_APPICON_NAME = AppIcon;
				ASSETCATALOG_COMPILER_LAUNCHIMAGE_NAME = LaunchImage;
				CLANG_CXX_LIBRARY = "compiler-default";
				CODE_SIGN_IDENTITY = "iPhone Developer";
				"CODE_SIGN_IDENTITY[sdk=iphoneos*]" = "iPhone Developer";
				DEVELOPMENT_TEAM = 4QD4LN7PUZ;
				FRAMEWORK_SEARCH_PATHS = (
					"$(inherited)",
					"$(PROJECT_DIR)",
					/Users/Abhi/Downloads,
					/Users/Abhi/Documents/opencv/opencv/platforms/ios/ios,
					"/Users/Abhi/Downloads/OpenCV-iOS-master",
				);
				GCC_PRECOMPILE_PREFIX_HEADER = YES;
				GCC_PREFIX_HEADER = "Tesseract BizScanner/Tesseract-Prefix.pch";
				HEADER_SEARCH_PATHS = (
					"$(inherited)",
					/Applications/Xcode.app/Contents/Developer/Toolchains/XcodeDefault.xctoolchain/usr/include,
					$SOURCE_ROOT/include,
				);
				INFOPLIST_FILE = "Tesseract BizScanner/Tesseract-Info.plist";
				IPHONEOS_DEPLOYMENT_TARGET = 11.2;
				LIBRARY_SEARCH_PATHS = (
					"$(inherited)",
					"/Users/Abhi/Downloads/iPhone-OCR-Tesseract-and-OpenCV-master/Pods/Tesseract/lib",
				);
				OTHER_LDFLAGS = "-lstdc++";
				PRODUCT_BUNDLE_IDENTIFIER = com.github.stpabhi;
				PRODUCT_NAME = Tesseract;
				PROVISIONING_PROFILE = "";
				TARGETED_DEVICE_FAMILY = 1;
				VALID_ARCHS = "arm64 armv7 armv7s";
				WRAPPER_EXTENSION = app;
			};
			name = Release;
		};
		3877021C18E3C3590035CE60 /* Debug */ = {
			isa = XCBuildConfiguration;
			buildSettings = {
				BUNDLE_LOADER = "$(BUILT_PRODUCTS_DIR)/Tesseract BizScanner.app/Tesseract BizScanner";
				FRAMEWORK_SEARCH_PATHS = (
					"$(SDKROOT)/Developer/Library/Frameworks",
					"$(inherited)",
					"$(DEVELOPER_FRAMEWORKS_DIR)",
				);
				GCC_PRECOMPILE_PREFIX_HEADER = YES;
				GCC_PREFIX_HEADER = "Tesseract BizScanner/Tesseract BizScanner-Prefix.pch";
				GCC_PREPROCESSOR_DEFINITIONS = (
					"DEBUG=1",
					"$(inherited)",
				);
				INFOPLIST_FILE = "Tesseract BizScannerTests/TesseractTests-Info.plist";
				PRODUCT_NAME = TesseractTests;
				TEST_HOST = "$(BUNDLE_LOADER)";
				WRAPPER_EXTENSION = xctest;
			};
			name = Debug;
		};
		3877021D18E3C3590035CE60 /* Release */ = {
			isa = XCBuildConfiguration;
			buildSettings = {
				BUNDLE_LOADER = "$(BUILT_PRODUCTS_DIR)/Tesseract BizScanner.app/Tesseract BizScanner";
				FRAMEWORK_SEARCH_PATHS = (
					"$(SDKROOT)/Developer/Library/Frameworks",
					"$(inherited)",
					"$(DEVELOPER_FRAMEWORKS_DIR)",
				);
				GCC_PRECOMPILE_PREFIX_HEADER = YES;
				GCC_PREFIX_HEADER = "Tesseract BizScanner/Tesseract BizScanner-Prefix.pch";
				INFOPLIST_FILE = "Tesseract BizScannerTests/TesseractTests-Info.plist";
				PRODUCT_NAME = TesseractTests;
				TEST_HOST = "$(BUNDLE_LOADER)";
				WRAPPER_EXTENSION = xctest;
			};
			name = Release;
		};
/* End XCBuildConfiguration section */

/* Begin XCConfigurationList section */
		387701E118E3C3590035CE60 /* Build configuration list for PBXProject "Tesseract" */ = {
			isa = XCConfigurationList;
			buildConfigurations = (
				3877021618E3C3590035CE60 /* Debug */,
				3877021718E3C3590035CE60 /* Release */,
			);
			defaultConfigurationIsVisible = 0;
			defaultConfigurationName = Release;
		};
		3877021818E3C3590035CE60 /* Build configuration list for PBXNativeTarget "Tesseract" */ = {
			isa = XCConfigurationList;
			buildConfigurations = (
				3877021918E3C3590035CE60 /* Debug */,
				3877021A18E3C3590035CE60 /* Release */,
			);
			defaultConfigurationIsVisible = 0;
			defaultConfigurationName = Release;
		};
		3877021B18E3C3590035CE60 /* Build configuration list for PBXNativeTarget "TesseractTests" */ = {
			isa = XCConfigurationList;
			buildConfigurations = (
				3877021C18E3C3590035CE60 /* Debug */,
				3877021D18E3C3590035CE60 /* Release */,
			);
			defaultConfigurationIsVisible = 0;
			defaultConfigurationName = Release;
		};
/* End XCConfigurationList section */
	};
	rootObject = 387701DE18E3C3590035CE60 /* Project object */;
}
